
Microsoft Visual Studio Solution File, Format Version 12.00
# Visual Studio 15
VisualStudioVersion = 15.0.28307.168
MinimumVisualStudioVersion = 10.0.40219.1
Project("{9A19103F-16F7-4668-BE54-9A1E7A4F7556}") = "Yulius.Api", "Yulius.Api.csproj", "{1A3D0DF1-A4FB-4959-B35E-F768262A3722}"
EndProject
Project("{9A19103F-16F7-4668-BE54-9A1E7A4F7556}") = "Yulius.Data", "..\Yulius.Data\Yulius.Data.csproj", "{85A42B30-0D55-43D7-B775-D0B04F6FE74D}"
EndProject
Project("{2150E333-8FDC-42A3-9474-1A3956D46DE8}") = "Api", "Api", "{9D92A8B1-C174-4BCD-AFCC-86E8456E049A}"
EndProject
Global
	GlobalSection(SolutionConfigurationPlatforms) = preSolution
		Debug|Any CPU = Debug|Any CPU
		Release|Any CPU = Release|Any CPU
	EndGlobalSection
	GlobalSection(ProjectConfigurationPlatforms) = postSolution
		{1A3D0DF1-A4FB-4959-B35E-F768262A3722}.Debug|Any CPU.ActiveCfg = Debug|Any CPU
		{1A3D0DF1-A4FB-4959-B35E-F768262A3722}.Debug|Any CPU.Build.0 = Debug|Any CPU
		{1A3D0DF1-A4FB-4959-B35E-F768262A3722}.Release|Any CPU.ActiveCfg = Release|Any CPU
		{1A3D0DF1-A4FB-4959-B35E-F768262A3722}.Release|Any CPU.Build.0 = Release|Any CPU
		{85A42B30-0D55-43D7-B775-D0B04F6FE74D}.Debug|Any CPU.ActiveCfg = Debug|Any CPU
		{85A42B30-0D55-43D7-B775-D0B04F6FE74D}.Debug|Any CPU.Build.0 = Debug|Any CPU
		{85A42B30-0D55-43D7-B775-D0B04F6FE74D}.Release|Any CPU.ActiveCfg = Release|Any CPU
		{85A42B30-0D55-43D7-B775-D0B04F6FE74D}.Release|Any CPU.Build.0 = Release|Any CPU
	EndGlobalSection
	GlobalSection(SolutionProperties) = preSolution
		HideSolutionNode = FALSE
	EndGlobalSection
	GlobalSection(NestedProjects) = preSolution
		{1A3D0DF1-A4FB-4959-B35E-F768262A3722} = {9D92A8B1-C174-4BCD-AFCC-86E8456E049A}
		{85A42B30-0D55-43D7-B775-D0B04F6FE74D} = {9D92A8B1-C174-4BCD-AFCC-86E8456E049A}
	EndGlobalSection
	GlobalSection(ExtensibilityGlobals) = postSolution
		SolutionGuid = {DD7F8495-159B-4088-B27A-0D873DC74A8E}
	EndGlobalSection
EndGlobal
